
Microsoft Visual Studio Solution File, Format Version 12.00
# Visual Studio Version 17
VisualStudioVersion = 17.9.34701.34
MinimumVisualStudioVersion = 10.0.40219.1
Project("{FAE04EC0-301F-11D3-BF4B-00C04F79EFBC}") = "MilevEgotin67", "MilevEgotin67\MilevEgotin67.csproj", "{EB215802-AE7D-4215-B5AA-C158C238407E}"
EndProject
Global
	GlobalSection(SolutionConfigurationPlatforms) = preSolution
		Debug|Any CPU = Debug|Any CPU
		Release|Any CPU = Release|Any CPU
	EndGlobalSection
	GlobalSection(ProjectConfigurationPlatforms) = postSolution
		{EB215802-AE7D-4215-B5AA-C158C238407E}.Debug|Any CPU.ActiveCfg = Debug|Any CPU
		{EB215802-AE7D-4215-B5AA-C158C238407E}.Debug|Any CPU.Build.0 = Debug|Any CPU
		{EB215802-AE7D-4215-B5AA-C158C238407E}.Release|Any CPU.ActiveCfg = Release|Any CPU
		{EB215802-AE7D-4215-B5AA-C158C238407E}.Release|Any CPU.Build.0 = Release|Any CPU
	EndGlobalSection
	GlobalSection(SolutionProperties) = preSolution
		HideSolutionNode = FALSE
	EndGlobalSection
	GlobalSection(ExtensibilityGlobals) = postSolution
		SolutionGuid = {7B23469C-128A-459B-9044-BCD7E36B04E7}
	EndGlobalSection
EndGlobal
